
Microsoft Visual Studio Solution File, Format Version 12.00
# Visual Studio 15
VisualStudioVersion = 15.0.28307.852
MinimumVisualStudioVersion = 10.0.40219.1
Project("{2150E333-8FDC-42A3-9474-1A3956D46DE8}") = "docs", "docs", "{779B54ED-1CEF-4C37-9773-C061E40CB96E}"
	ProjectSection(SolutionItems) = preProject
		docs\NET Software Engineer Technical Assignment v.5.pdf = docs\NET Software Engineer Technical Assignment v.5.pdf
	EndProjectSection
EndProject
Project("{2150E333-8FDC-42A3-9474-1A3956D46DE8}") = "src", "src", "{14CCEA81-FE5F-4B45-AFC0-9537B9C612A8}"
EndProject
Project("{9A19103F-16F7-4668-BE54-9A1E7A4F7556}") = "TechnicalAssignmentAB.Domain", "src\TechnicalAssignmentAB.Domain\TechnicalAssignmentAB.Domain.csproj", "{A57A5168-283E-4EEB-8ACE-D1058197AC11}"
EndProject
Project("{9A19103F-16F7-4668-BE54-9A1E7A4F7556}") = "TechnicalAssignmentAB.Persistence", "src\TechnicalAssignmentAB.Persistence\TechnicalAssignmentAB.Persistence.csproj", "{CA1FE268-E712-42AD-9954-0A55137F5088}"
EndProject
Project("{9A19103F-16F7-4668-BE54-9A1E7A4F7556}") = "TechnicalAssignmentAB.API", "src\TechnicalAssignmentAB.API\TechnicalAssignmentAB.API.csproj", "{088AB9E8-375B-4072-90DD-4EAE845AD3B7}"
EndProject
Project("{2150E333-8FDC-42A3-9474-1A3956D46DE8}") = "test", "test", "{08800A59-B16E-4D72-AE88-DF6763A9E367}"
EndProject
Project("{9A19103F-16F7-4668-BE54-9A1E7A4F7556}") = "TechnicalAssignmentAB.Unitest", "test\TechnicalAssignmentAB.Unitest\TechnicalAssignmentAB.Unitest.csproj", "{757FF868-422E-4C1F-BB26-EAFE223B9221}"
EndProject
Project("{2150E333-8FDC-42A3-9474-1A3956D46DE8}") = ".repository items", ".repository items", "{AF41B2B6-D145-48EC-B39F-B21BA49F9EA5}"
	ProjectSection(SolutionItems) = preProject
		changelog.md = changelog.md
		readme.md = readme.md
	EndProjectSection
EndProject
Global
	GlobalSection(SolutionConfigurationPlatforms) = preSolution
		Debug|Any CPU = Debug|Any CPU
		Release|Any CPU = Release|Any CPU
	EndGlobalSection
	GlobalSection(ProjectConfigurationPlatforms) = postSolution
		{A57A5168-283E-4EEB-8ACE-D1058197AC11}.Debug|Any CPU.ActiveCfg = Debug|Any CPU
		{A57A5168-283E-4EEB-8ACE-D1058197AC11}.Debug|Any CPU.Build.0 = Debug|Any CPU
		{A57A5168-283E-4EEB-8ACE-D1058197AC11}.Release|Any CPU.ActiveCfg = Release|Any CPU
		{A57A5168-283E-4EEB-8ACE-D1058197AC11}.Release|Any CPU.Build.0 = Release|Any CPU
		{CA1FE268-E712-42AD-9954-0A55137F5088}.Debug|Any CPU.ActiveCfg = Debug|Any CPU
		{CA1FE268-E712-42AD-9954-0A55137F5088}.Debug|Any CPU.Build.0 = Debug|Any CPU
		{CA1FE268-E712-42AD-9954-0A55137F5088}.Release|Any CPU.ActiveCfg = Release|Any CPU
		{CA1FE268-E712-42AD-9954-0A55137F5088}.Release|Any CPU.Build.0 = Release|Any CPU
		{088AB9E8-375B-4072-90DD-4EAE845AD3B7}.Debug|Any CPU.ActiveCfg = Debug|Any CPU
		{088AB9E8-375B-4072-90DD-4EAE845AD3B7}.Debug|Any CPU.Build.0 = Debug|Any CPU
		{088AB9E8-375B-4072-90DD-4EAE845AD3B7}.Release|Any CPU.ActiveCfg = Release|Any CPU
		{088AB9E8-375B-4072-90DD-4EAE845AD3B7}.Release|Any CPU.Build.0 = Release|Any CPU
		{757FF868-422E-4C1F-BB26-EAFE223B9221}.Debug|Any CPU.ActiveCfg = Debug|Any CPU
		{757FF868-422E-4C1F-BB26-EAFE223B9221}.Debug|Any CPU.Build.0 = Debug|Any CPU
		{757FF868-422E-4C1F-BB26-EAFE223B9221}.Release|Any CPU.ActiveCfg = Release|Any CPU
		{757FF868-422E-4C1F-BB26-EAFE223B9221}.Release|Any CPU.Build.0 = Release|Any CPU
	EndGlobalSection
	GlobalSection(SolutionProperties) = preSolution
		HideSolutionNode = FALSE
	EndGlobalSection
	GlobalSection(NestedProjects) = preSolution
		{A57A5168-283E-4EEB-8ACE-D1058197AC11} = {14CCEA81-FE5F-4B45-AFC0-9537B9C612A8}
		{CA1FE268-E712-42AD-9954-0A55137F5088} = {14CCEA81-FE5F-4B45-AFC0-9537B9C612A8}
		{088AB9E8-375B-4072-90DD-4EAE845AD3B7} = {14CCEA81-FE5F-4B45-AFC0-9537B9C612A8}
		{757FF868-422E-4C1F-BB26-EAFE223B9221} = {08800A59-B16E-4D72-AE88-DF6763A9E367}
	EndGlobalSection
	GlobalSection(ExtensibilityGlobals) = postSolution
		SolutionGuid = {B0488CA7-D44E-4497-B438-86ADA7AEDF5E}
	EndGlobalSection
EndGlobal
